
Microsoft Visual Studio Solution File, Format Version 12.00
# Visual Studio Version 16
VisualStudioVersion = 16.0.31321.278
MinimumVisualStudioVersion = 10.0.40219.1
Project("{FAE04EC0-301F-11D3-BF4B-00C04F79EFBC}") = "WaterAPI", "WaterAPI\WaterAPI.csproj", "{A6ED6C26-48D1-4061-BF69-529D0A73DF8C}"
EndProject
Global
	GlobalSection(SolutionConfigurationPlatforms) = preSolution
		Debug|Any CPU = Debug|Any CPU
		Release|Any CPU = Release|Any CPU
	EndGlobalSection
	GlobalSection(ProjectConfigurationPlatforms) = postSolution
		{A6ED6C26-48D1-4061-BF69-529D0A73DF8C}.Debug|Any CPU.ActiveCfg = Debug|Any CPU
		{A6ED6C26-48D1-4061-BF69-529D0A73DF8C}.Debug|Any CPU.Build.0 = Debug|Any CPU
		{A6ED6C26-48D1-4061-BF69-529D0A73DF8C}.Release|Any CPU.ActiveCfg = Release|Any CPU
		{A6ED6C26-48D1-4061-BF69-529D0A73DF8C}.Release|Any CPU.Build.0 = Release|Any CPU
	EndGlobalSection
	GlobalSection(SolutionProperties) = preSolution
		HideSolutionNode = FALSE
	EndGlobalSection
	GlobalSection(ExtensibilityGlobals) = postSolution
		SolutionGuid = {05F87DE8-267A-43F4-88BC-CB653C14E3E1}
	EndGlobalSection
EndGlobal
